
Microsoft Visual Studio Solution File, Format Version 12.00
# Visual Studio Version 17
VisualStudioVersion = 17.2.32616.157
MinimumVisualStudioVersion = 10.0.40219.1
Project("{FAE04EC0-301F-11D3-BF4B-00C04F79EFBC}") = "pandemic-bot", "pandemic-bot.csproj", "{38F7CECD-905E-421D-B435-63F80B317313}"
EndProject
Global
	GlobalSection(SolutionConfigurationPlatforms) = preSolution
		Debug|Any CPU = Debug|Any CPU
		Release|Any CPU = Release|Any CPU
	EndGlobalSection
	GlobalSection(ProjectConfigurationPlatforms) = postSolution
		{38F7CECD-905E-421D-B435-63F80B317313}.Debug|Any CPU.ActiveCfg = Debug|Any CPU
		{38F7CECD-905E-421D-B435-63F80B317313}.Debug|Any CPU.Build.0 = Debug|Any CPU
		{38F7CECD-905E-421D-B435-63F80B317313}.Release|Any CPU.ActiveCfg = Release|Any CPU
		{38F7CECD-905E-421D-B435-63F80B317313}.Release|Any CPU.Build.0 = Release|Any CPU
	EndGlobalSection
	GlobalSection(SolutionProperties) = preSolution
		HideSolutionNode = FALSE
	EndGlobalSection
	GlobalSection(ExtensibilityGlobals) = postSolution
		SolutionGuid = {B991B99C-6F35-4735-B719-A46C8CD64E8D}
	EndGlobalSection
EndGlobal
